
Microsoft Visual Studio Solution File, Format Version 12.00
# Visual Studio Version 16
VisualStudioVersion = 16.0.31727.386
MinimumVisualStudioVersion = 10.0.40219.1
Project("{8BC9CEB8-8B4A-11D0-8D11-00A0C91BC942}") = "2DRenderer", "2DRenderer\2DRenderer.vcxproj", "{B35287FF-7D9F-4DF9-A5FC-3AD481669071}"
EndProject
Project("{8BC9CEB8-8B4A-11D0-8D11-00A0C91BC942}") = "RayTracer", "RayTracer\RayTracer.vcxproj", "{C89FD93E-CD52-410F-9E93-817285DEBC65}"
EndProject
Global
	GlobalSection(SolutionConfigurationPlatforms) = preSolution
		Debug|x64 = Debug|x64
		Debug|x86 = Debug|x86
		Release|x64 = Release|x64
		Release|x86 = Release|x86
	EndGlobalSection
	GlobalSection(ProjectConfigurationPlatforms) = postSolution
		{B35287FF-7D9F-4DF9-A5FC-3AD481669071}.Debug|x64.ActiveCfg = Debug|x64
		{B35287FF-7D9F-4DF9-A5FC-3AD481669071}.Debug|x64.Build.0 = Debug|x64
		{B35287FF-7D9F-4DF9-A5FC-3AD481669071}.Debug|x86.ActiveCfg = Debug|Win32
		{B35287FF-7D9F-4DF9-A5FC-3AD481669071}.Debug|x86.Build.0 = Debug|Win32
		{B35287FF-7D9F-4DF9-A5FC-3AD481669071}.Release|x64.ActiveCfg = Release|x64
		{B35287FF-7D9F-4DF9-A5FC-3AD481669071}.Release|x64.Build.0 = Release|x64
		{B35287FF-7D9F-4DF9-A5FC-3AD481669071}.Release|x86.ActiveCfg = Release|Win32
		{B35287FF-7D9F-4DF9-A5FC-3AD481669071}.Release|x86.Build.0 = Release|Win32
		{C89FD93E-CD52-410F-9E93-817285DEBC65}.Debug|x64.ActiveCfg = Debug|x64
		{C89FD93E-CD52-410F-9E93-817285DEBC65}.Debug|x64.Build.0 = Debug|x64
		{C89FD93E-CD52-410F-9E93-817285DEBC65}.Debug|x86.ActiveCfg = Debug|Win32
		{C89FD93E-CD52-410F-9E93-817285DEBC65}.Debug|x86.Build.0 = Debug|Win32
		{C89FD93E-CD52-410F-9E93-817285DEBC65}.Release|x64.ActiveCfg = Release|x64
		{C89FD93E-CD52-410F-9E93-817285DEBC65}.Release|x64.Build.0 = Release|x64
		{C89FD93E-CD52-410F-9E93-817285DEBC65}.Release|x86.ActiveCfg = Release|Win32
		{C89FD93E-CD52-410F-9E93-817285DEBC65}.Release|x86.Build.0 = Release|Win32
	EndGlobalSection
	GlobalSection(SolutionProperties) = preSolution
		HideSolutionNode = FALSE
	EndGlobalSection
	GlobalSection(ExtensibilityGlobals) = postSolution
		SolutionGuid = {9F1D39C4-197D-49DE-B402-FC8C755FB8C4}
	EndGlobalSection
EndGlobal
